
Microsoft Visual Studio Solution File, Format Version 12.00
# Visual Studio 15
VisualStudioVersion = 15.0.27130.2036
MinimumVisualStudioVersion = 10.0.40219.1
Project("{9A19103F-16F7-4668-BE54-9A1E7A4F7556}") = "SpecificationPattern", "SpecificationPattern.csproj", "{B751BBFB-11E0-4E7A-BFF1-9EB50B5C0396}"
EndProject
Global
	GlobalSection(SolutionConfigurationPlatforms) = preSolution
		Debug|Any CPU = Debug|Any CPU
		Release|Any CPU = Release|Any CPU
	EndGlobalSection
	GlobalSection(ProjectConfigurationPlatforms) = postSolution
		{B751BBFB-11E0-4E7A-BFF1-9EB50B5C0396}.Debug|Any CPU.ActiveCfg = Debug|Any CPU
		{B751BBFB-11E0-4E7A-BFF1-9EB50B5C0396}.Debug|Any CPU.Build.0 = Debug|Any CPU
		{B751BBFB-11E0-4E7A-BFF1-9EB50B5C0396}.Release|Any CPU.ActiveCfg = Release|Any CPU
		{B751BBFB-11E0-4E7A-BFF1-9EB50B5C0396}.Release|Any CPU.Build.0 = Release|Any CPU
	EndGlobalSection
	GlobalSection(SolutionProperties) = preSolution
		HideSolutionNode = FALSE
	EndGlobalSection
	GlobalSection(ExtensibilityGlobals) = postSolution
		SolutionGuid = {5BF34E39-BFB6-44E5-B6A8-56A8AFF4BFDE}
	EndGlobalSection
EndGlobal
